# THIS IS AN AUTOGENERATED FILE. DO NOT EDIT THIS FILE DIRECTLY.
# yarn lockfile v1


"@babel/helper-validator-identifier@^7.10.4":
  version "7.10.4"
  resolved "https://registry.yarnpkg.com/@babel/helper-validator-identifier/-/helper-validator-identifier-7.10.4.tgz#a78c7a7251e01f616512d31b10adcf52ada5e0d2"
  integrity sha512-3U9y+43hz7ZM+rzG24Qe2mufW5KhvFg/NhnNph+i9mgCtdTCtMJuI1TMkrIUiK7Ix4PYlRF9I5dhqaLYA/ADXw==

"@babel/parser@^7.12.0":
  version "7.12.5"
  resolved "https://registry.yarnpkg.com/@babel/parser/-/parser-7.12.5.tgz#b4af32ddd473c0bfa643bd7ff0728b8e71b81ea0"
  integrity sha512-FVM6RZQ0mn2KCf1VUED7KepYeUWoVShczewOCfm3nzoBybaih51h+sYVVGthW9M6lPByEPTQf+xm27PBdlpwmQ==

"@babel/types@^7.12.0":
  version "7.12.6"
  resolved "https://registry.yarnpkg.com/@babel/types/-/types-7.12.6.tgz#ae0e55ef1cce1fbc881cd26f8234eb3e657edc96"
  integrity sha512-hwyjw6GvjBLiyy3W0YQf0Z5Zf4NpYejUnKFcfcUhZCSffoBBp30w6wP2Wn6pk31jMYZvcOrB/1b7cGXvEoKogA==
  dependencies:
    "@babel/helper-validator-identifier" "^7.10.4"
    lodash "^4.17.19"
    to-fast-properties "^2.0.0"

"@vue/compiler-core@3.0.2":
  version "3.0.2"
  resolved "https://registry.yarnpkg.com/@vue/compiler-core/-/compiler-core-3.0.2.tgz#7790b7a1fcbba5ace4d81a70ce59096fa5c95734"
  integrity sha512-GOlEMTlC/OdzBkKaKOniYErbkjoKxkBOmulxGmMR10I2JJX6TvXd/peaO/kla2xhpliV/M6Z4TLJp0yjAvRIAw==
  dependencies:
    "@babel/parser" "^7.12.0"
    "@babel/types" "^7.12.0"
    "@vue/shared" "3.0.2"
    estree-walker "^2.0.1"
    source-map "^0.6.1"

"@vue/compiler-dom@3.0.2":
  version "3.0.2"
  resolved "https://registry.yarnpkg.com/@vue/compiler-dom/-/compiler-dom-3.0.2.tgz#1d40de04bcdf9aabb79fb6a802dd70a2f3c2992a"
  integrity sha512-jvaL4QF2yXBJVD+JLbM2YA3e5fNfflJnfQ+GtfYk46ENGsEetqbkZqcX7fO+RHdG8tZBo7LCNBvgD0QLr+V4sg==
  dependencies:
    "@vue/compiler-core" "3.0.2"
    "@vue/shared" "3.0.2"

"@vue/reactivity@3.0.2":
  version "3.0.2"
  resolved "https://registry.yarnpkg.com/@vue/reactivity/-/reactivity-3.0.2.tgz#42ed5af6025b494a5e69b05169fcddf04eebfe77"
  integrity sha512-GdRloNcBar4yqWGXOcba1t//j/WizwfthfPUYkjcIPHjYnA/vTEQYp0C9+ZjPdinv1WRK1BSMeN/xj31kQES4A==
  dependencies:
    "@vue/shared" "3.0.2"

"@vue/runtime-core@3.0.2":
  version "3.0.2"
  resolved "https://registry.yarnpkg.com/@vue/runtime-core/-/runtime-core-3.0.2.tgz#d7ed462af1cb0bf9836668e4e6fab3f2f4b1bc00"
  integrity sha512-3m/jOs2xSipEFah9FgpEzvC9nERFonVGLN06+pf8iYPIy54Nlv7D2cyrk3Lhbjz4w3PbIrkxJnoTJYvJM7HDfA==
  dependencies:
    "@vue/reactivity" "3.0.2"
    "@vue/shared" "3.0.2"

"@vue/runtime-dom@3.0.2":
  version "3.0.2"
  resolved "https://registry.yarnpkg.com/@vue/runtime-dom/-/runtime-dom-3.0.2.tgz#9d166d03225558025d3d80f5039b646e0051b71c"
  integrity sha512-vqC1KK1yWthTw1FKzajT0gYQaEqAq7bpeeXQC473nllGC5YHbJhNAJLSmrDun1tjXqGF0UNCWYljYm+++BJv6w==
  dependencies:
    "@vue/runtime-core" "3.0.2"
    "@vue/shared" "3.0.2"
    csstype "^2.6.8"

"@vue/shared@3.0.2":
  version "3.0.2"
  resolved "https://registry.yarnpkg.com/@vue/shared/-/shared-3.0.2.tgz#419bd85a2ebdbd4f42963e98c5a1b103452176d9"
  integrity sha512-Zx869zlNoujFOclKIoYmkh8ES2RcS/+Jn546yOiPyZ+3+Ejivnr+fb8l+DdXUEFjo+iVDNR3KyLzg03aBFfZ4Q==

csstype@^2.6.8:
  version "2.6.13"
  resolved "https://registry.yarnpkg.com/csstype/-/csstype-2.6.13.tgz#a6893015b90e84dd6e85d0e3b442a1e84f2dbe0f"
  integrity sha512-ul26pfSQTZW8dcOnD2iiJssfXw0gdNVX9IJDH/X3K5DGPfj+fUYe3kB+swUY6BF3oZDxaID3AJt+9/ojSAE05A==

estree-walker@^2.0.1:
  version "2.0.1"
  resolved "https://registry.yarnpkg.com/estree-walker/-/estree-walker-2.0.1.tgz#f8e030fb21cefa183b44b7ad516b747434e7a3e0"
  integrity sha512-tF0hv+Yi2Ot1cwj9eYHtxC0jB9bmjacjQs6ZBTj82H8JwUywFuc+7E83NWfNMwHXZc11mjfFcVXPe9gEP4B8dg==

lodash@^4.17.19:
  version "4.17.20"
  resolved "https://registry.yarnpkg.com/lodash/-/lodash-4.17.20.tgz#b44a9b6297bcb698f1c51a3545a2b3b368d59c52"
  integrity sha512-PlhdFcillOINfeV7Ni6oF1TAEayyZBoZ8bcshTHqOYJYlrqzRK5hagpagky5o4HfCzzd1TRkXPMFq6cKk9rGmA==

prettier@2.1.2:
  version "2.1.2"
  resolved "https://registry.yarnpkg.com/prettier/-/prettier-2.1.2.tgz#3050700dae2e4c8b67c4c3f666cdb8af405e1ce5"
  integrity sha512-16c7K+x4qVlJg9rEbXl7HEGmQyZlG4R9AgP+oHKRMsMsuk8s+ATStlf1NpDqyBI1HpVyfjLOeMhH2LvuNvV5Vg==

source-map@^0.6.1:
  version "0.6.1"
  resolved "https://registry.yarnpkg.com/source-map/-/source-map-0.6.1.tgz#74722af32e9614e9c287a8d0bbde48b5e2f1a263"
  integrity sha512-UjgapumWlbMhkBgzT7Ykc5YXUT46F0iKu8SGXq0bcwP5dz/h0Plj6enJqjz1Zbq2l5WaqYnrVbwWOWMyF3F47g==

to-fast-properties@^2.0.0:
  version "2.0.0"
  resolved "https://registry.yarnpkg.com/to-fast-properties/-/to-fast-properties-2.0.0.tgz#dc5e698cbd079265bc73e0377681a4e4e83f616e"
  integrity sha1-3F5pjL0HkmW8c+A3doGk5Og/YW4=

typescript@^4.0.5:
  version "4.0.5"
  resolved "https://registry.yarnpkg.com/typescript/-/typescript-4.0.5.tgz#ae9dddfd1069f1cb5beb3ef3b2170dd7c1332389"
  integrity sha512-ywmr/VrTVCmNTJ6iV2LwIrfG1P+lv6luD8sUJs+2eI9NLGigaN+nUQc13iHqisq7bra9lnmUSYqbJvegraBOPQ==

url-search-params-polyfill@^8.1.0:
  version "8.1.0"
  resolved "https://registry.yarnpkg.com/url-search-params-polyfill/-/url-search-params-polyfill-8.1.0.tgz#5c15b69687165bfd4f6c7d8a161d70d85385885b"
  integrity sha512-MRG3vzXyG20BJ2fox50/9ZRoe+2h3RM7DIudVD2u/GY9MtayO1Dkrna76IUOak+uoUPVWbyR0pHCzxctP/eDYQ==

vue@^3.0.0:
  version "3.0.2"
  resolved "https://registry.yarnpkg.com/vue/-/vue-3.0.2.tgz#9d5b7b2983f35e64a34d13c7c9d6831239feca3c"
  integrity sha512-ciKFjutKRs+2Vbvgrist1oDd5wZQqtOel/K//ku54zLbf8tcTV+XbyAfanTHcTkML9CUj09vnC+y+5uaOz2/9g==
  dependencies:
    "@vue/compiler-dom" "3.0.2"
    "@vue/runtime-dom" "3.0.2"
    "@vue/shared" "3.0.2"
