# THIS IS AN AUTOGENERATED FILE. DO NOT EDIT THIS FILE DIRECTLY.
# yarn lockfile v1


"@babel/helper-validator-identifier@^7.10.4":
  version "7.10.4"
  resolved "https://registry.yarnpkg.com/@babel/helper-validator-identifier/-/helper-validator-identifier-7.10.4.tgz#a78c7a7251e01f616512d31b10adcf52ada5e0d2"
  integrity sha512-3U9y+43hz7ZM+rzG24Qe2mufW5KhvFg/NhnNph+i9mgCtdTCtMJuI1TMkrIUiK7Ix4PYlRF9I5dhqaLYA/ADXw==

"@babel/parser@^7.11.5":
  version "7.11.5"
  resolved "https://registry.yarnpkg.com/@babel/parser/-/parser-7.11.5.tgz#c7ff6303df71080ec7a4f5b8c003c58f1cf51037"
  integrity sha512-X9rD8qqm695vgmeaQ4fvz/o3+Wk4ZzQvSHkDBgpYKxpD4qTAUm88ZKtHkVqIOsYFFbIQ6wQYhC6q7pjqVK0E0Q==

"@babel/types@^7.11.5":
  version "7.11.5"
  resolved "https://registry.yarnpkg.com/@babel/types/-/types-7.11.5.tgz#d9de577d01252d77c6800cee039ee64faf75662d"
  integrity sha512-bvM7Qz6eKnJVFIn+1LPtjlBFPVN5jNDc1XmN15vWe7Q3DPBufWWsLiIvUu7xW87uTG6QoggpIDnUgLQvPheU+Q==
  dependencies:
    "@babel/helper-validator-identifier" "^7.10.4"
    lodash "^4.17.19"
    to-fast-properties "^2.0.0"

"@vue/compiler-core@3.0.0":
  version "3.0.0"
  resolved "https://registry.yarnpkg.com/@vue/compiler-core/-/compiler-core-3.0.0.tgz#25e4f079cf6c39f83bad23700f814c619105a0f2"
  integrity sha512-XqPC7vdv4rFE77S71oCHmT1K4Ks3WE2Gi6Lr4B5wn0Idmp+NyQQBUHsCNieMDRiEpgtJrw+yOHslrsV0AfAsfQ==
  dependencies:
    "@babel/parser" "^7.11.5"
    "@babel/types" "^7.11.5"
    "@vue/shared" "3.0.0"
    estree-walker "^2.0.1"
    source-map "^0.6.1"

"@vue/compiler-dom@3.0.0":
  version "3.0.0"
  resolved "https://registry.yarnpkg.com/@vue/compiler-dom/-/compiler-dom-3.0.0.tgz#4cbb48fcf1f852daef2babcf9953b681ac463526"
  integrity sha512-ukDEGOP8P7lCPyStuM3F2iD5w2QPgUu2xwCW2XNeqPjFKIlR2xMsWjy4raI/cLjN6W16GtlMFaZdK8tLj5PRog==
  dependencies:
    "@vue/compiler-core" "3.0.0"
    "@vue/shared" "3.0.0"

"@vue/reactivity@3.0.0":
  version "3.0.0"
  resolved "https://registry.yarnpkg.com/@vue/reactivity/-/reactivity-3.0.0.tgz#fd15632a608650ce2a969c721787e27e2c80aa6b"
  integrity sha512-mEGkztGQrAPZRhV7C6PorrpT3+NtuA4dY2QjMzzrW31noKhssWTajRZTwpLF39NBRrF5UU6cp9+1I0FfavMgEQ==
  dependencies:
    "@vue/shared" "3.0.0"

"@vue/runtime-core@3.0.0":
  version "3.0.0"
  resolved "https://registry.yarnpkg.com/@vue/runtime-core/-/runtime-core-3.0.0.tgz#480febf1bfe32798b6abbd71a88f8e8b473a51c2"
  integrity sha512-3ABMLeA0ZbeVNLbGGLXr+pNUwqXILOqz8WCVGfDWwQb+jW114Cm8djOHVVDoqdvRETQvDf8yHSUmpKHZpQuTkA==
  dependencies:
    "@vue/reactivity" "3.0.0"
    "@vue/shared" "3.0.0"

"@vue/runtime-dom@3.0.0":
  version "3.0.0"
  resolved "https://registry.yarnpkg.com/@vue/runtime-dom/-/runtime-dom-3.0.0.tgz#e0d1f7c7e22e1318696014cc3501e06b288c2e11"
  integrity sha512-f312n5w9gK6mVvkDSj6/Xnot1XjlKXzFBYybmoy6ahAVC8ExbQ+LOWti1IZM/adU8VMNdKaw7Q53Hxz3y5jX8g==
  dependencies:
    "@vue/runtime-core" "3.0.0"
    "@vue/shared" "3.0.0"
    csstype "^2.6.8"

"@vue/shared@3.0.0":
  version "3.0.0"
  resolved "https://registry.yarnpkg.com/@vue/shared/-/shared-3.0.0.tgz#ec089236629ecc0f10346b92f101ff4339169f1a"
  integrity sha512-4XWL/avABGxU2E2ZF1eZq3Tj7fvksCMssDZUHOykBIMmh5d+KcAnQMC5XHMhtnA0NAvktYsA2YpdsVwVmhWzvA==

csstype@^2.6.8:
  version "2.6.13"
  resolved "https://registry.yarnpkg.com/csstype/-/csstype-2.6.13.tgz#a6893015b90e84dd6e85d0e3b442a1e84f2dbe0f"
  integrity sha512-ul26pfSQTZW8dcOnD2iiJssfXw0gdNVX9IJDH/X3K5DGPfj+fUYe3kB+swUY6BF3oZDxaID3AJt+9/ojSAE05A==

estree-walker@^2.0.1:
  version "2.0.1"
  resolved "https://registry.yarnpkg.com/estree-walker/-/estree-walker-2.0.1.tgz#f8e030fb21cefa183b44b7ad516b747434e7a3e0"
  integrity sha512-tF0hv+Yi2Ot1cwj9eYHtxC0jB9bmjacjQs6ZBTj82H8JwUywFuc+7E83NWfNMwHXZc11mjfFcVXPe9gEP4B8dg==

lodash@^4.17.19:
  version "4.17.20"
  resolved "https://registry.yarnpkg.com/lodash/-/lodash-4.17.20.tgz#b44a9b6297bcb698f1c51a3545a2b3b368d59c52"
  integrity sha512-PlhdFcillOINfeV7Ni6oF1TAEayyZBoZ8bcshTHqOYJYlrqzRK5hagpagky5o4HfCzzd1TRkXPMFq6cKk9rGmA==

prettier@2.1.2:
  version "2.1.2"
  resolved "https://registry.yarnpkg.com/prettier/-/prettier-2.1.2.tgz#3050700dae2e4c8b67c4c3f666cdb8af405e1ce5"
  integrity sha512-16c7K+x4qVlJg9rEbXl7HEGmQyZlG4R9AgP+oHKRMsMsuk8s+ATStlf1NpDqyBI1HpVyfjLOeMhH2LvuNvV5Vg==

source-map@^0.6.1:
  version "0.6.1"
  resolved "https://registry.yarnpkg.com/source-map/-/source-map-0.6.1.tgz#74722af32e9614e9c287a8d0bbde48b5e2f1a263"
  integrity sha512-UjgapumWlbMhkBgzT7Ykc5YXUT46F0iKu8SGXq0bcwP5dz/h0Plj6enJqjz1Zbq2l5WaqYnrVbwWOWMyF3F47g==

to-fast-properties@^2.0.0:
  version "2.0.0"
  resolved "https://registry.yarnpkg.com/to-fast-properties/-/to-fast-properties-2.0.0.tgz#dc5e698cbd079265bc73e0377681a4e4e83f616e"
  integrity sha1-3F5pjL0HkmW8c+A3doGk5Og/YW4=

typescript@^4.0.3:
  version "4.0.3"
  resolved "https://registry.yarnpkg.com/typescript/-/typescript-4.0.3.tgz#153bbd468ef07725c1df9c77e8b453f8d36abba5"
  integrity sha512-tEu6DGxGgRJPb/mVPIZ48e69xCn2yRmCgYmDugAVwmJ6o+0u1RI18eO7E7WBTLYLaEVVOhwQmcdhQHweux/WPg==

url-search-params-polyfill@^8.1.0:
  version "8.1.0"
  resolved "https://registry.yarnpkg.com/url-search-params-polyfill/-/url-search-params-polyfill-8.1.0.tgz#5c15b69687165bfd4f6c7d8a161d70d85385885b"
  integrity sha512-MRG3vzXyG20BJ2fox50/9ZRoe+2h3RM7DIudVD2u/GY9MtayO1Dkrna76IUOak+uoUPVWbyR0pHCzxctP/eDYQ==

vue@^3.0.0:
  version "3.0.0"
  resolved "https://registry.yarnpkg.com/vue/-/vue-3.0.0.tgz#cfb5df5c34efce319b113a1667d12b74dcfd9c90"
  integrity sha512-ZMrAARZ32sGIaYKr7Fk2GZEBh/VhulSrGxcGBiAvbN4fhjl3tuJyNFbbbLFqGjndbLoBW66I2ECq8ICdvkKdJw==
  dependencies:
    "@vue/compiler-dom" "3.0.0"
    "@vue/runtime-dom" "3.0.0"
    "@vue/shared" "3.0.0"
